// !$*UTF8*$!
{
	archiveVersion = 1;
	classes = {
	};
	objectVersion = 46;
	objects = {

/* Begin PBXBuildFile section */
		0446CE7D1DC6E57F009DF6C5 /* main.m in Sources */ = {isa = PBXBuildFile; fileRef = 0446CE7C1DC6E57F009DF6C5 /* main.m */; };
		0446CE801DC6E57F009DF6C5 /* AppDelegate.m in Sources */ = {isa = PBXBuildFile; fileRef = 0446CE7F1DC6E57F009DF6C5 /* AppDelegate.m */; };
		0446CE831DC6E580009DF6C5 /* ViewController.m in Sources */ = {isa = PBXBuildFile; fileRef = 0446CE821DC6E580009DF6C5 /* ViewController.m */; };
		0446CE861DC6E580009DF6C5 /* Main.storyboard in Resources */ = {isa = PBXBuildFile; fileRef = 0446CE841DC6E580009DF6C5 /* Main.storyboard */; };
		0446CE881DC6E580009DF6C5 /* Assets.xcassets in Resources */ = {isa = PBXBuildFile; fileRef = 0446CE871DC6E580009DF6C5 /* Assets.xcassets */; };
		0446CE8B1DC6E580009DF6C5 /* LaunchScreen.storyboard in Resources */ = {isa = PBXBuildFile; fileRef = 0446CE891DC6E580009DF6C5 /* LaunchScreen.storyboard */; };
		0446CEC81DC70410009DF6C5 /* MyViewController.m in Sources */ = {isa = PBXBuildFile; fileRef = 0446CEC71DC70410009DF6C5 /* MyViewController.m */; };
		0446CED01DC70DFA009DF6C5 /* BundleQR.bundle in Resources */ = {isa = PBXBuildFile; fileRef = 0446CECA1DC70DFA009DF6C5 /* BundleQR.bundle */; };
		0446CED11DC70DFA009DF6C5 /* QRCodeReaderView.m in Sources */ = {isa = PBXBuildFile; fileRef = 0446CECC1DC70DFA009DF6C5 /* QRCodeReaderView.m */; };
		0446CED21DC70DFA009DF6C5 /* QRCodeViewController.m in Sources */ = {isa = PBXBuildFile; fileRef = 0446CECE1DC70DFA009DF6C5 /* QRCodeViewController.m */; };
/* End PBXBuildFile section */

/* Begin PBXFileReference section */
		0446CE781DC6E57F009DF6C5 /* TOMQRCodeReader.app */ = {isa = PBXFileReference; explicitFileType = wrapper.application; includeInIndex = 0; path = TOMQRCodeReader.app; sourceTree = BUILT_PRODUCTS_DIR; };
		0446CE7C1DC6E57F009DF6C5 /* main.m */ = {isa = PBXFileReference; lastKnownFileType = sourcecode.c.objc; path = main.m; sourceTree = "<group>"; };
		0446CE7E1DC6E57F009DF6C5 /* AppDelegate.h */ = {isa = PBXFileReference; lastKnownFileType = sourcecode.c.h; path = AppDelegate.h; sourceTree = "<group>"; };
		0446CE7F1DC6E57F009DF6C5 /* AppDelegate.m */ = {isa = PBXFileReference; lastKnownFileType = sourcecode.c.objc; path = AppDelegate.m; sourceTree = "<group>"; };
		0446CE811DC6E580009DF6C5 /* ViewController.h */ = {isa = PBXFileReference; lastKnownFileType = sourcecode.c.h; path = ViewController.h; sourceTree = "<group>"; };
		0446CE821DC6E580009DF6C5 /* ViewController.m */ = {isa = PBXFileReference; lastKnownFileType = sourcecode.c.objc; path = ViewController.m; sourceTree = "<group>"; };
		0446CE851DC6E580009DF6C5 /* Base */ = {isa = PBXFileReference; lastKnownFileType = file.storyboard; name = Base; path = Base.lproj/Main.storyboard; sourceTree = "<group>"; };
		0446CE871DC6E580009DF6C5 /* Assets.xcassets */ = {isa = PBXFileReference; lastKnownFileType = folder.assetcatalog; path = Assets.xcassets; sourceTree = "<group>"; };
		0446CE8A1DC6E580009DF6C5 /* Base */ = {isa = PBXFileReference; lastKnownFileType = file.storyboard; name = Base; path = Base.lproj/LaunchScreen.storyboard; sourceTree = "<group>"; };
		0446CE8C1DC6E580009DF6C5 /* Info.plist */ = {isa = PBXFileReference; lastKnownFileType = text.plist.xml; path = Info.plist; sourceTree = "<group>"; };
		0446CEC61DC70410009DF6C5 /* MyViewController.h */ = {isa = PBXFileReference; fileEncoding = 4; lastKnownFileType = sourcecode.c.h; path = MyViewController.h; sourceTree = "<group>"; };
		0446CEC71DC70410009DF6C5 /* MyViewController.m */ = {isa = PBXFileReference; fileEncoding = 4; lastKnownFileType = sourcecode.c.objc; path = MyViewController.m; sourceTree = "<group>"; };
		0446CECA1DC70DFA009DF6C5 /* BundleQR.bundle */ = {isa = PBXFileReference; lastKnownFileType = "wrapper.plug-in"; path = BundleQR.bundle; sourceTree = "<group>"; };
		0446CECB1DC70DFA009DF6C5 /* QRCodeReaderView.h */ = {isa = PBXFileReference; fileEncoding = 4; lastKnownFileType = sourcecode.c.h; path = QRCodeReaderView.h; sourceTree = "<group>"; };
		0446CECC1DC70DFA009DF6C5 /* QRCodeReaderView.m */ = {isa = PBXFileReference; fileEncoding = 4; lastKnownFileType = sourcecode.c.objc; path = QRCodeReaderView.m; sourceTree = "<group>"; };
		0446CECD1DC70DFA009DF6C5 /* QRCodeViewController.h */ = {isa = PBXFileReference; fileEncoding = 4; lastKnownFileType = sourcecode.c.h; path = QRCodeViewController.h; sourceTree = "<group>"; };
		0446CECE1DC70DFA009DF6C5 /* QRCodeViewController.m */ = {isa = PBXFileReference; fileEncoding = 4; lastKnownFileType = sourcecode.c.objc; path = QRCodeViewController.m; sourceTree = "<group>"; };
		0446CECF1DC70DFA009DF6C5 /* QRCost.h */ = {isa = PBXFileReference; fileEncoding = 4; lastKnownFileType = sourcecode.c.h; path = QRCost.h; sourceTree = "<group>"; };
/* End PBXFileReference section */

/* Begin PBXFrameworksBuildPhase section */
		0446CE751DC6E57F009DF6C5 /* Frameworks */ = {
			isa = PBXFrameworksBuildPhase;
			buildActionMask = 2147483647;
			files = (
			);
			runOnlyForDeploymentPostprocessing = 0;
		};
/* End PBXFrameworksBuildPhase section */

/* Begin PBXGroup section */
		0446CE6F1DC6E57F009DF6C5 = {
			isa = PBXGroup;
			children = (
				0446CE7A1DC6E57F009DF6C5 /* TOMQRCodeReader */,
				0446CE791DC6E57F009DF6C5 /* Products */,
			);
			sourceTree = "<group>";
		};
		0446CE791DC6E57F009DF6C5 /* Products */ = {
			isa = PBXGroup;
			children = (
				0446CE781DC6E57F009DF6C5 /* TOMQRCodeReader.app */,
			);
			name = Products;
			sourceTree = "<group>";
		};
		0446CE7A1DC6E57F009DF6C5 /* TOMQRCodeReader */ = {
			isa = PBXGroup;
			children = (
				0446CEC91DC70DFA009DF6C5 /* TOMQRCodeReader */,
				0446CE811DC6E580009DF6C5 /* ViewController.h */,
				0446CE821DC6E580009DF6C5 /* ViewController.m */,
				0446CEC61DC70410009DF6C5 /* MyViewController.h */,
				0446CEC71DC70410009DF6C5 /* MyViewController.m */,
				0446CE841DC6E580009DF6C5 /* Main.storyboard */,
				0446CE7B1DC6E57F009DF6C5 /* Supporting Files */,
			);
			path = TOMQRCodeReader;
			sourceTree = "<group>";
		};
		0446CE7B1DC6E57F009DF6C5 /* Supporting Files */ = {
			isa = PBXGroup;
			children = (
				0446CE871DC6E580009DF6C5 /* Assets.xcassets */,
				0446CE891DC6E580009DF6C5 /* LaunchScreen.storyboard */,
				0446CE8C1DC6E580009DF6C5 /* Info.plist */,
				0446CE7E1DC6E57F009DF6C5 /* AppDelegate.h */,
				0446CE7F1DC6E57F009DF6C5 /* AppDelegate.m */,
				0446CE7C1DC6E57F009DF6C5 /* main.m */,
			);
			name = "Supporting Files";
			sourceTree = "<group>";
		};
		0446CEC91DC70DFA009DF6C5 /* TOMQRCodeReader */ = {
			isa = PBXGroup;
			children = (
				0446CECA1DC70DFA009DF6C5 /* BundleQR.bundle */,
				0446CECB1DC70DFA009DF6C5 /* QRCodeReaderView.h */,
				0446CECC1DC70DFA009DF6C5 /* QRCodeReaderView.m */,
				0446CECD1DC70DFA009DF6C5 /* QRCodeViewController.h */,
				0446CECE1DC70DFA009DF6C5 /* QRCodeViewController.m */,
				0446CECF1DC70DFA009DF6C5 /* QRCost.h */,
			);
			path = TOMQRCodeReader;
			sourceTree = "<group>";
		};
/* End PBXGroup section */

/* Begin PBXNativeTarget section */
		0446CE771DC6E57F009DF6C5 /* TOMQRCodeReader */ = {
			isa = PBXNativeTarget;
			buildConfigurationList = 0446CE8F1DC6E580009DF6C5 /* Build configuration list for PBXNativeTarget "TOMQRCodeReader" */;
			buildPhases = (
				0446CE741DC6E57F009DF6C5 /* Sources */,
				0446CE751DC6E57F009DF6C5 /* Frameworks */,
				0446CE761DC6E57F009DF6C5 /* Resources */,
			);
			buildRules = (
			);
			dependencies = (
			);
			name = TOMQRCodeReader;
			productName = TOMQRCodeReader;
			productReference = 0446CE781DC6E57F009DF6C5 /* TOMQRCodeReader.app */;
			productType = "com.apple.product-type.application";
		};
/* End PBXNativeTarget section */

/* Begin PBXProject section */
		0446CE701DC6E57F009DF6C5 /* Project object */ = {
			isa = PBXProject;
			attributes = {
				LastUpgradeCheck = 0810;
				ORGANIZATIONNAME = mac;
				TargetAttributes = {
					0446CE771DC6E57F009DF6C5 = {
						CreatedOnToolsVersion = 8.1;
						DevelopmentTeam = J44S9LQYTU;
						ProvisioningStyle = Automatic;
					};
				};
			};
			buildConfigurationList = 0446CE731DC6E57F009DF6C5 /* Build configuration list for PBXProject "TOMQRCodeReader" */;
			compatibilityVersion = "Xcode 3.2";
			developmentRegion = English;
			hasScannedForEncodings = 0;
			knownRegions = (
				en,
				Base,
			);
			mainGroup = 0446CE6F1DC6E57F009DF6C5;
			productRefGroup = 0446CE791DC6E57F009DF6C5 /* Products */;
			projectDirPath = "";
			projectRoot = "";
			targets = (
				0446CE771DC6E57F009DF6C5 /* TOMQRCodeReader */,
			);
		};
/* End PBXProject section */

/* Begin PBXResourcesBuildPhase section */
		0446CE761DC6E57F009DF6C5 /* Resources */ = {
			isa = PBXResourcesBuildPhase;
			buildActionMask = 2147483647;
			files = (
				0446CED01DC70DFA009DF6C5 /* BundleQR.bundle in Resources */,
				0446CE8B1DC6E580009DF6C5 /* LaunchScreen.storyboard in Resources */,
				0446CE881DC6E580009DF6C5 /* Assets.xcassets in Resources */,
				0446CE861DC6E580009DF6C5 /* Main.storyboard in Resources */,
			);
			runOnlyForDeploymentPostprocessing = 0;
		};
/* End PBXResourcesBuildPhase section */

/* Begin PBXSourcesBuildPhase section */
		0446CE741DC6E57F009DF6C5 /* Sources */ = {
			isa = PBXSourcesBuildPhase;
			buildActionMask = 2147483647;
			files = (
				0446CEC81DC70410009DF6C5 /* MyViewController.m in Sources */,
				0446CE831DC6E580009DF6C5 /* ViewController.m in Sources */,
				0446CED21DC70DFA009DF6C5 /* QRCodeViewController.m in Sources */,
				0446CED11DC70DFA009DF6C5 /* QRCodeReaderView.m in Sources */,
				0446CE801DC6E57F009DF6C5 /* AppDelegate.m in Sources */,
				0446CE7D1DC6E57F009DF6C5 /* main.m in Sources */,
			);
			runOnlyForDeploymentPostprocessing = 0;
		};
/* End PBXSourcesBuildPhase section */

/* Begin PBXVariantGroup section */
		0446CE841DC6E580009DF6C5 /* Main.storyboard */ = {
			isa = PBXVariantGroup;
			children = (
				0446CE851DC6E580009DF6C5 /* Base */,
			);
			name = Main.storyboard;
			sourceTree = "<group>";
		};
		0446CE891DC6E580009DF6C5 /* LaunchScreen.storyboard */ = {
			isa = PBXVariantGroup;
			children = (
				0446CE8A1DC6E580009DF6C5 /* Base */,
			);
			name = LaunchScreen.storyboard;
			sourceTree = "<group>";
		};
/* End PBXVariantGroup section */

/* Begin XCBuildConfiguration section */
		0446CE8D1DC6E580009DF6C5 /* Debug */ = {
			isa = XCBuildConfiguration;
			buildSettings = {
				ALWAYS_SEARCH_USER_PATHS = NO;
				CLANG_ANALYZER_NONNULL = YES;
				CLANG_CXX_LANGUAGE_STANDARD = "gnu++0x";
				CLANG_CXX_LIBRARY = "libc++";
				CLANG_ENABLE_MODULES = YES;
				CLANG_ENABLE_OBJC_ARC = YES;
				CLANG_WARN_BOOL_CONVERSION = YES;
				CLANG_WARN_CONSTANT_CONVERSION = YES;
				CLANG_WARN_DIRECT_OBJC_ISA_USAGE = YES_ERROR;
				CLANG_WARN_DOCUMENTATION_COMMENTS = YES;
				CLANG_WARN_EMPTY_BODY = YES;
				CLANG_WARN_ENUM_CONVERSION = YES;
				CLANG_WARN_INFINITE_RECURSION = YES;
				CLANG_WARN_INT_CONVERSION = YES;
				CLANG_WARN_OBJC_ROOT_CLASS = YES_ERROR;
				CLANG_WARN_SUSPICIOUS_MOVES = YES;
				CLANG_WARN_UNREACHABLE_CODE = YES;
				CLANG_WARN__DUPLICATE_METHOD_MATCH = YES;
				"CODE_SIGN_IDENTITY[sdk=iphoneos*]" = "iPhone Developer";
				COPY_PHASE_STRIP = NO;
				DEBUG_INFORMATION_FORMAT = dwarf;
				ENABLE_STRICT_OBJC_MSGSEND = YES;
				ENABLE_TESTABILITY = YES;
				GCC_C_LANGUAGE_STANDARD = gnu99;
				GCC_DYNAMIC_NO_PIC = NO;
				GCC_NO_COMMON_BLOCKS = YES;
				GCC_OPTIMIZATION_LEVEL = 0;
				GCC_PREPROCESSOR_DEFINITIONS = (
					"DEBUG=1",
					"$(inherited)",
				);
				GCC_WARN_64_TO_32_BIT_CONVERSION = YES;
				GCC_WARN_ABOUT_RETURN_TYPE = YES_ERROR;
				GCC_WARN_UNDECLARED_SELECTOR = YES;
				GCC_WARN_UNINITIALIZED_AUTOS = YES_AGGRESSIVE;
				GCC_WARN_UNUSED_FUNCTION = YES;
				GCC_WARN_UNUSED_VARIABLE = YES;
				IPHONEOS_DEPLOYMENT_TARGET = 10.1;
				MTL_ENABLE_DEBUG_INFO = YES;
				ONLY_ACTIVE_ARCH = YES;
				SDKROOT = iphoneos;
			};
			name = Debug;
		};
		0446CE8E1DC6E580009DF6C5 /* Release */ = {
			isa = XCBuildConfiguration;
			buildSettings = {
				ALWAYS_SEARCH_USER_PATHS = NO;
				CLANG_ANALYZER_NONNULL = YES;
				CLANG_CXX_LANGUAGE_STANDARD = "gnu++0x";
				CLANG_CXX_LIBRARY = "libc++";
				CLANG_ENABLE_MODULES = YES;
				CLANG_ENABLE_OBJC_ARC = YES;
				CLANG_WARN_BOOL_CONVERSION = YES;
				CLANG_WARN_CONSTANT_CONVERSION = YES;
				CLANG_WARN_DIRECT_OBJC_ISA_USAGE = YES_ERROR;
				CLANG_WARN_DOCUMENTATION_COMMENTS = YES;
				CLANG_WARN_EMPTY_BODY = YES;
				CLANG_WARN_ENUM_CONVERSION = YES;
				CLANG_WARN_INFINITE_RECURSION = YES;
				CLANG_WARN_INT_CONVERSION = YES;
				CLANG_WARN_OBJC_ROOT_CLASS = YES_ERROR;
				CLANG_WARN_SUSPICIOUS_MOVES = YES;
				CLANG_WARN_UNREACHABLE_CODE = YES;
				CLANG_WARN__DUPLICATE_METHOD_MATCH = YES;
				"CODE_SIGN_IDENTITY[sdk=iphoneos*]" = "iPhone Developer";
				COPY_PHASE_STRIP = NO;
				DEBUG_INFORMATION_FORMAT = "dwarf-with-dsym";
				ENABLE_NS_ASSERTIONS = NO;
				ENABLE_STRICT_OBJC_MSGSEND = YES;
				GCC_C_LANGUAGE_STANDARD = gnu99;
				GCC_NO_COMMON_BLOCKS = YES;
				GCC_WARN_64_TO_32_BIT_CONVERSION = YES;
				GCC_WARN_ABOUT_RETURN_TYPE = YES_ERROR;
				GCC_WARN_UNDECLARED_SELECTOR = YES;
				GCC_WARN_UNINITIALIZED_AUTOS = YES_AGGRESSIVE;
				GCC_WARN_UNUSED_FUNCTION = YES;
				GCC_WARN_UNUSED_VARIABLE = YES;
				IPHONEOS_DEPLOYMENT_TARGET = 10.1;
				MTL_ENABLE_DEBUG_INFO = NO;
				SDKROOT = iphoneos;
				VALIDATE_PRODUCT = YES;
			};
			name = Release;
		};
		0446CE901DC6E580009DF6C5 /* Debug */ = {
			isa = XCBuildConfiguration;
			buildSettings = {
				ASSETCATALOG_COMPILER_APPICON_NAME = AppIcon;
				DEVELOPMENT_TEAM = J44S9LQYTU;
				INFOPLIST_FILE = TOMQRCodeReader/Info.plist;
				IPHONEOS_DEPLOYMENT_TARGET = 8.0;
				LD_RUNPATH_SEARCH_PATHS = "$(inherited) @executable_path/Frameworks";
				PRODUCT_BUNDLE_IDENTIFIER = com.fdwww.www.TOMQRCodeReader;
				PRODUCT_NAME = "$(TARGET_NAME)";
			};
			name = Debug;
		};
		0446CE911DC6E580009DF6C5 /* Release */ = {
			isa = XCBuildConfiguration;
			buildSettings = {
				ASSETCATALOG_COMPILER_APPICON_NAME = AppIcon;
				DEVELOPMENT_TEAM = J44S9LQYTU;
				INFOPLIST_FILE = TOMQRCodeReader/Info.plist;
				IPHONEOS_DEPLOYMENT_TARGET = 8.0;
				LD_RUNPATH_SEARCH_PATHS = "$(inherited) @executable_path/Frameworks";
				PRODUCT_BUNDLE_IDENTIFIER = com.fdwww.www.TOMQRCodeReader;
				PRODUCT_NAME = "$(TARGET_NAME)";
			};
			name = Release;
		};
/* End XCBuildConfiguration section */

/* Begin XCConfigurationList section */
		0446CE731DC6E57F009DF6C5 /* Build configuration list for PBXProject "TOMQRCodeReader" */ = {
			isa = XCConfigurationList;
			buildConfigurations = (
				0446CE8D1DC6E580009DF6C5 /* Debug */,
				0446CE8E1DC6E580009DF6C5 /* Release */,
			);
			defaultConfigurationIsVisible = 0;
			defaultConfigurationName = Release;
		};
		0446CE8F1DC6E580009DF6C5 /* Build configuration list for PBXNativeTarget "TOMQRCodeReader" */ = {
			isa = XCConfigurationList;
			buildConfigurations = (
				0446CE901DC6E580009DF6C5 /* Debug */,
				0446CE911DC6E580009DF6C5 /* Release */,
			);
			defaultConfigurationIsVisible = 0;
		};
/* End XCConfigurationList section */
	};
	rootObject = 0446CE701DC6E57F009DF6C5 /* Project object */;
}
